
Microsoft Visual Studio Solution File, Format Version 12.00
# Visual Studio Version 17
VisualStudioVersion = 17.7.34221.43
MinimumVisualStudioVersion = 10.0.40219.1
Project("{9A19103F-16F7-4668-BE54-9A1E7A4F7556}") = "Service1", "StudentAdmissionManagement\Service1.csproj", "{E9D83D2B-FA80-487F-AFE8-65596C2F5C65}"
EndProject
Project("{9A19103F-16F7-4668-BE54-9A1E7A4F7556}") = "Service2", "StudentAtteindanceManagement\Service2.csproj", "{D676765C-FC3E-470E-8DDF-75B28E853F6E}"
EndProject
Project("{9A19103F-16F7-4668-BE54-9A1E7A4F7556}") = "ApiGateway", "StudentApiGateway\ApiGateway.csproj", "{F939393E-0287-42B9-9CBA-BC3C3FF6A18A}"
	ProjectSection(ProjectDependencies) = postProject
		{D676765C-FC3E-470E-8DDF-75B28E853F6E} = {D676765C-FC3E-470E-8DDF-75B28E853F6E}
		{E9D83D2B-FA80-487F-AFE8-65596C2F5C65} = {E9D83D2B-FA80-487F-AFE8-65596C2F5C65}
	EndProjectSection
EndProject
Project("{2150E333-8FDC-42A3-9474-1A3956D46DE8}") = "Solution Items", "Solution Items", "{2C184BED-F88A-41D2-8589-46F3A2DF49F7}"
	ProjectSection(SolutionItems) = preProject
		Readme.md = Readme.md
	EndProjectSection
EndProject
Project("{2150E333-8FDC-42A3-9474-1A3956D46DE8}") = "Services", "Services", "{B2AEAA50-9EEC-40A2-9478-22130FBF0362}"
EndProject
Global
	GlobalSection(SolutionConfigurationPlatforms) = preSolution
		Debug|Any CPU = Debug|Any CPU
		Release|Any CPU = Release|Any CPU
	EndGlobalSection
	GlobalSection(ProjectConfigurationPlatforms) = postSolution
		{E9D83D2B-FA80-487F-AFE8-65596C2F5C65}.Debug|Any CPU.ActiveCfg = Debug|Any CPU
		{E9D83D2B-FA80-487F-AFE8-65596C2F5C65}.Debug|Any CPU.Build.0 = Debug|Any CPU
		{E9D83D2B-FA80-487F-AFE8-65596C2F5C65}.Release|Any CPU.ActiveCfg = Release|Any CPU
		{E9D83D2B-FA80-487F-AFE8-65596C2F5C65}.Release|Any CPU.Build.0 = Release|Any CPU
		{D676765C-FC3E-470E-8DDF-75B28E853F6E}.Debug|Any CPU.ActiveCfg = Debug|Any CPU
		{D676765C-FC3E-470E-8DDF-75B28E853F6E}.Debug|Any CPU.Build.0 = Debug|Any CPU
		{D676765C-FC3E-470E-8DDF-75B28E853F6E}.Release|Any CPU.ActiveCfg = Release|Any CPU
		{D676765C-FC3E-470E-8DDF-75B28E853F6E}.Release|Any CPU.Build.0 = Release|Any CPU
		{F939393E-0287-42B9-9CBA-BC3C3FF6A18A}.Debug|Any CPU.ActiveCfg = Debug|Any CPU
		{F939393E-0287-42B9-9CBA-BC3C3FF6A18A}.Debug|Any CPU.Build.0 = Debug|Any CPU
		{F939393E-0287-42B9-9CBA-BC3C3FF6A18A}.Release|Any CPU.ActiveCfg = Release|Any CPU
		{F939393E-0287-42B9-9CBA-BC3C3FF6A18A}.Release|Any CPU.Build.0 = Release|Any CPU
	EndGlobalSection
	GlobalSection(SolutionProperties) = preSolution
		HideSolutionNode = FALSE
	EndGlobalSection
	GlobalSection(NestedProjects) = preSolution
		{E9D83D2B-FA80-487F-AFE8-65596C2F5C65} = {B2AEAA50-9EEC-40A2-9478-22130FBF0362}
		{D676765C-FC3E-470E-8DDF-75B28E853F6E} = {B2AEAA50-9EEC-40A2-9478-22130FBF0362}
	EndGlobalSection
	GlobalSection(ExtensibilityGlobals) = postSolution
		SolutionGuid = {05A4BB2F-D3A7-40C0-88B4-1833CFBEBE0A}
	EndGlobalSection
EndGlobal
